// !$*UTF8*$!
{
	archiveVersion = 1;
	classes = {
	};
	objectVersion = 77;
	objects = {

/* Begin PBXContainerItemProxy section */
		A9255B232D5ABB71003C61ED /* PBXContainerItemProxy */ = {
			isa = PBXContainerItemProxy;
			containerPortal = A9255B082D5ABB70003C61ED /* Project object */;
			proxyType = 1;
			remoteGlobalIDString = A9255B0F2D5ABB70003C61ED;
			remoteInfo = "week 3 hw_bird face app";
		};
		A9255B2D2D5ABB71003C61ED /* PBXContainerItemProxy */ = {
			isa = PBXContainerItemProxy;
			containerPortal = A9255B082D5ABB70003C61ED /* Project object */;
			proxyType = 1;
			remoteGlobalIDString = A9255B0F2D5ABB70003C61ED;
			remoteInfo = "week 3 hw_bird face app";
		};
/* End PBXContainerItemProxy section */

/* Begin PBXFileReference section */
		A9255B102D5ABB70003C61ED /* week 3 hw_bird face app.app */ = {isa = PBXFileReference; explicitFileType = wrapper.application; includeInIndex = 0; path = "week 3 hw_bird face app.app"; sourceTree = BUILT_PRODUCTS_DIR; };
		A9255B222D5ABB71003C61ED /* week 3 hw_bird face appTests.xctest */ = {isa = PBXFileReference; explicitFileType = wrapper.cfbundle; includeInIndex = 0; path = "week 3 hw_bird face appTests.xctest"; sourceTree = BUILT_PRODUCTS_DIR; };
		A9255B2C2D5ABB71003C61ED /* week 3 hw_bird face appUITests.xctest */ = {isa = PBXFileReference; explicitFileType = wrapper.cfbundle; includeInIndex = 0; path = "week 3 hw_bird face appUITests.xctest"; sourceTree = BUILT_PRODUCTS_DIR; };
/* End PBXFileReference section */

/* Begin PBXFileSystemSynchronizedRootGroup section */
		A9255B122D5ABB70003C61ED /* week 3 hw_bird face app */ = {
			isa = PBXFileSystemSynchronizedRootGroup;
			path = "week 3 hw_bird face app";
			sourceTree = "<group>";
		};
		A9255B252D5ABB71003C61ED /* week 3 hw_bird face appTests */ = {
			isa = PBXFileSystemSynchronizedRootGroup;
			path = "week 3 hw_bird face appTests";
			sourceTree = "<group>";
		};
		A9255B2F2D5ABB71003C61ED /* week 3 hw_bird face appUITests */ = {
			isa = PBXFileSystemSynchronizedRootGroup;
			path = "week 3 hw_bird face appUITests";
			sourceTree = "<group>";
		};
/* End PBXFileSystemSynchronizedRootGroup section */

/* Begin PBXFrameworksBuildPhase section */
		A9255B0D2D5ABB70003C61ED /* Frameworks */ = {
			isa = PBXFrameworksBuildPhase;
			buildActionMask = 2147483647;
			files = (
			);
			runOnlyForDeploymentPostprocessing = 0;
		};
		A9255B1F2D5ABB71003C61ED /* Frameworks */ = {
			isa = PBXFrameworksBuildPhase;
			buildActionMask = 2147483647;
			files = (
			);
			runOnlyForDeploymentPostprocessing = 0;
		};
		A9255B292D5ABB71003C61ED /* Frameworks */ = {
			isa = PBXFrameworksBuildPhase;
			buildActionMask = 2147483647;
			files = (
			);
			runOnlyForDeploymentPostprocessing = 0;
		};
/* End PBXFrameworksBuildPhase section */

/* Begin PBXGroup section */
		A9255B072D5ABB70003C61ED = {
			isa = PBXGroup;
			children = (
				A9255B122D5ABB70003C61ED /* week 3 hw_bird face app */,
				A9255B252D5ABB71003C61ED /* week 3 hw_bird face appTests */,
				A9255B2F2D5ABB71003C61ED /* week 3 hw_bird face appUITests */,
				A9255B112D5ABB70003C61ED /* Products */,
			);
			sourceTree = "<group>";
		};
		A9255B112D5ABB70003C61ED /* Products */ = {
			isa = PBXGroup;
			children = (
				A9255B102D5ABB70003C61ED /* week 3 hw_bird face app.app */,
				A9255B222D5ABB71003C61ED /* week 3 hw_bird face appTests.xctest */,
				A9255B2C2D5ABB71003C61ED /* week 3 hw_bird face appUITests.xctest */,
			);
			name = Products;
			sourceTree = "<group>";
		};
/* End PBXGroup section */

/* Begin PBXNativeTarget section */
		A9255B0F2D5ABB70003C61ED /* week 3 hw_bird face app */ = {
			isa = PBXNativeTarget;
			buildConfigurationList = A9255B362D5ABB71003C61ED /* Build configuration list for PBXNativeTarget "week 3 hw_bird face app" */;
			buildPhases = (
				A9255B0C2D5ABB70003C61ED /* Sources */,
				A9255B0D2D5ABB70003C61ED /* Frameworks */,
				A9255B0E2D5ABB70003C61ED /* Resources */,
			);
			buildRules = (
			);
			dependencies = (
			);
			fileSystemSynchronizedGroups = (
				A9255B122D5ABB70003C61ED /* week 3 hw_bird face app */,
			);
			name = "week 3 hw_bird face app";
			packageProductDependencies = (
			);
			productName = "week 3 hw_bird face app";
			productReference = A9255B102D5ABB70003C61ED /* week 3 hw_bird face app.app */;
			productType = "com.apple.product-type.application";
		};
		A9255B212D5ABB71003C61ED /* week 3 hw_bird face appTests */ = {
			isa = PBXNativeTarget;
			buildConfigurationList = A9255B392D5ABB71003C61ED /* Build configuration list for PBXNativeTarget "week 3 hw_bird face appTests" */;
			buildPhases = (
				A9255B1E2D5ABB71003C61ED /* Sources */,
				A9255B1F2D5ABB71003C61ED /* Frameworks */,
				A9255B202D5ABB71003C61ED /* Resources */,
			);
			buildRules = (
			);
			dependencies = (
				A9255B242D5ABB71003C61ED /* PBXTargetDependency */,
			);
			fileSystemSynchronizedGroups = (
				A9255B252D5ABB71003C61ED /* week 3 hw_bird face appTests */,
			);
			name = "week 3 hw_bird face appTests";
			packageProductDependencies = (
			);
			productName = "week 3 hw_bird face appTests";
			productReference = A9255B222D5ABB71003C61ED /* week 3 hw_bird face appTests.xctest */;
			productType = "com.apple.product-type.bundle.unit-test";
		};
		A9255B2B2D5ABB71003C61ED /* week 3 hw_bird face appUITests */ = {
			isa = PBXNativeTarget;
			buildConfigurationList = A9255B3C2D5ABB71003C61ED /* Build configuration list for PBXNativeTarget "week 3 hw_bird face appUITests" */;
			buildPhases = (
				A9255B282D5ABB71003C61ED /* Sources */,
				A9255B292D5ABB71003C61ED /* Frameworks */,
				A9255B2A2D5ABB71003C61ED /* Resources */,
			);
			buildRules = (
			);
			dependencies = (
				A9255B2E2D5ABB71003C61ED /* PBXTargetDependency */,
			);
			fileSystemSynchronizedGroups = (
				A9255B2F2D5ABB71003C61ED /* week 3 hw_bird face appUITests */,
			);
			name = "week 3 hw_bird face appUITests";
			packageProductDependencies = (
			);
			productName = "week 3 hw_bird face appUITests";
			productReference = A9255B2C2D5ABB71003C61ED /* week 3 hw_bird face appUITests.xctest */;
			productType = "com.apple.product-type.bundle.ui-testing";
		};
/* End PBXNativeTarget section */

/* Begin PBXProject section */
		A9255B082D5ABB70003C61ED /* Project object */ = {
			isa = PBXProject;
			attributes = {
				BuildIndependentTargetsInParallel = 1;
				LastSwiftUpdateCheck = 1620;
				LastUpgradeCheck = 1620;
				TargetAttributes = {
					A9255B0F2D5ABB70003C61ED = {
						CreatedOnToolsVersion = 16.2;
					};
					A9255B212D5ABB71003C61ED = {
						CreatedOnToolsVersion = 16.2;
						TestTargetID = A9255B0F2D5ABB70003C61ED;
					};
					A9255B2B2D5ABB71003C61ED = {
						CreatedOnToolsVersion = 16.2;
						TestTargetID = A9255B0F2D5ABB70003C61ED;
					};
				};
			};
			buildConfigurationList = A9255B0B2D5ABB70003C61ED /* Build configuration list for PBXProject "week 3 hw_bird face app" */;
			developmentRegion = en;
			hasScannedForEncodings = 0;
			knownRegions = (
				en,
				Base,
			);
			mainGroup = A9255B072D5ABB70003C61ED;
			minimizedProjectReferenceProxies = 1;
			preferredProjectObjectVersion = 77;
			productRefGroup = A9255B112D5ABB70003C61ED /* Products */;
			projectDirPath = "";
			projectRoot = "";
			targets = (
				A9255B0F2D5ABB70003C61ED /* week 3 hw_bird face app */,
				A9255B212D5ABB71003C61ED /* week 3 hw_bird face appTests */,
				A9255B2B2D5ABB71003C61ED /* week 3 hw_bird face appUITests */,
			);
		};
/* End PBXProject section */

/* Begin PBXResourcesBuildPhase section */
		A9255B0E2D5ABB70003C61ED /* Resources */ = {
			isa = PBXResourcesBuildPhase;
			buildActionMask = 2147483647;
			files = (
			);
			runOnlyForDeploymentPostprocessing = 0;
		};
		A9255B202D5ABB71003C61ED /* Resources */ = {
			isa = PBXResourcesBuildPhase;
			buildActionMask = 2147483647;
			files = (
			);
			runOnlyForDeploymentPostprocessing = 0;
		};
		A9255B2A2D5ABB71003C61ED /* Resources */ = {
			isa = PBXResourcesBuildPhase;
			buildActionMask = 2147483647;
			files = (
			);
			runOnlyForDeploymentPostprocessing = 0;
		};
/* End PBXResourcesBuildPhase section */

/* Begin PBXSourcesBuildPhase section */
		A9255B0C2D5ABB70003C61ED /* Sources */ = {
			isa = PBXSourcesBuildPhase;
			buildActionMask = 2147483647;
			files = (
			);
			runOnlyForDeploymentPostprocessing = 0;
		};
		A9255B1E2D5ABB71003C61ED /* Sources */ = {
			isa = PBXSourcesBuildPhase;
			buildActionMask = 2147483647;
			files = (
			);
			runOnlyForDeploymentPostprocessing = 0;
		};
		A9255B282D5ABB71003C61ED /* Sources */ = {
			isa = PBXSourcesBuildPhase;
			buildActionMask = 2147483647;
			files = (
			);
			runOnlyForDeploymentPostprocessing = 0;
		};
/* End PBXSourcesBuildPhase section */

/* Begin PBXTargetDependency section */
		A9255B242D5ABB71003C61ED /* PBXTargetDependency */ = {
			isa = PBXTargetDependency;
			target = A9255B0F2D5ABB70003C61ED /* week 3 hw_bird face app */;
			targetProxy = A9255B232D5ABB71003C61ED /* PBXContainerItemProxy */;
		};
		A9255B2E2D5ABB71003C61ED /* PBXTargetDependency */ = {
			isa = PBXTargetDependency;
			target = A9255B0F2D5ABB70003C61ED /* week 3 hw_bird face app */;
			targetProxy = A9255B2D2D5ABB71003C61ED /* PBXContainerItemProxy */;
		};
/* End PBXTargetDependency section */

/* Begin XCBuildConfiguration section */
		A9255B342D5ABB71003C61ED /* Debug */ = {
			isa = XCBuildConfiguration;
			buildSettings = {
				ALWAYS_SEARCH_USER_PATHS = NO;
				ASSETCATALOG_COMPILER_GENERATE_SWIFT_ASSET_SYMBOL_EXTENSIONS = YES;
				CLANG_ANALYZER_NONNULL = YES;
				CLANG_ANALYZER_NUMBER_OBJECT_CONVERSION = YES_AGGRESSIVE;
				CLANG_CXX_LANGUAGE_STANDARD = "gnu++20";
				CLANG_ENABLE_MODULES = YES;
				CLANG_ENABLE_OBJC_ARC = YES;
				CLANG_ENABLE_OBJC_WEAK = YES;
				CLANG_WARN_BLOCK_CAPTURE_AUTORELEASING = YES;
				CLANG_WARN_BOOL_CONVERSION = YES;
				CLANG_WARN_COMMA = YES;
				CLANG_WARN_CONSTANT_CONVERSION = YES;
				CLANG_WARN_DEPRECATED_OBJC_IMPLEMENTATIONS = YES;
				CLANG_WARN_DIRECT_OBJC_ISA_USAGE = YES_ERROR;
				CLANG_WARN_DOCUMENTATION_COMMENTS = YES;
				CLANG_WARN_EMPTY_BODY = YES;
				CLANG_WARN_ENUM_CONVERSION = YES;
				CLANG_WARN_INFINITE_RECURSION = YES;
				CLANG_WARN_INT_CONVERSION = YES;
				CLANG_WARN_NON_LITERAL_NULL_CONVERSION = YES;
				CLANG_WARN_OBJC_IMPLICIT_RETAIN_SELF = YES;
				CLANG_WARN_OBJC_LITERAL_CONVERSION = YES;
				CLANG_WARN_OBJC_ROOT_CLASS = YES_ERROR;
				CLANG_WARN_QUOTED_INCLUDE_IN_FRAMEWORK_HEADER = YES;
				CLANG_WARN_RANGE_LOOP_ANALYSIS = YES;
				CLANG_WARN_STRICT_PROTOTYPES = YES;
				CLANG_WARN_SUSPICIOUS_MOVE = YES;
				CLANG_WARN_UNGUARDED_AVAILABILITY = YES_AGGRESSIVE;
				CLANG_WARN_UNREACHABLE_CODE = YES;
				CLANG_WARN__DUPLICATE_METHOD_MATCH = YES;
				COPY_PHASE_STRIP = NO;
				DEBUG_INFORMATION_FORMAT = dwarf;
				ENABLE_STRICT_OBJC_MSGSEND = YES;
				ENABLE_TESTABILITY = YES;
				ENABLE_USER_SCRIPT_SANDBOXING = YES;
				GCC_C_LANGUAGE_STANDARD = gnu17;
				GCC_DYNAMIC_NO_PIC = NO;
				GCC_NO_COMMON_BLOCKS = YES;
				GCC_OPTIMIZATION_LEVEL = 0;
				GCC_PREPROCESSOR_DEFINITIONS = (
					"DEBUG=1",
					"$(inherited)",
				);
				GCC_WARN_64_TO_32_BIT_CONVERSION = YES;
				GCC_WARN_ABOUT_RETURN_TYPE = YES_ERROR;
				GCC_WARN_UNDECLARED_SELECTOR = YES;
				GCC_WARN_UNINITIALIZED_AUTOS = YES_AGGRESSIVE;
				GCC_WARN_UNUSED_FUNCTION = YES;
				GCC_WARN_UNUSED_VARIABLE = YES;
				IPHONEOS_DEPLOYMENT_TARGET = 18.2;
				LOCALIZATION_PREFERS_STRING_CATALOGS = YES;
				MTL_ENABLE_DEBUG_INFO = INCLUDE_SOURCE;
				MTL_FAST_MATH = YES;
				ONLY_ACTIVE_ARCH = YES;
				SDKROOT = iphoneos;
				SWIFT_ACTIVE_COMPILATION_CONDITIONS = "DEBUG $(inherited)";
				SWIFT_OPTIMIZATION_LEVEL = "-Onone";
			};
			name = Debug;
		};
		A9255B352D5ABB71003C61ED /* Release */ = {
			isa = XCBuildConfiguration;
			buildSettings = {
				ALWAYS_SEARCH_USER_PATHS = NO;
				ASSETCATALOG_COMPILER_GENERATE_SWIFT_ASSET_SYMBOL_EXTENSIONS = YES;
				CLANG_ANALYZER_NONNULL = YES;
				CLANG_ANALYZER_NUMBER_OBJECT_CONVERSION = YES_AGGRESSIVE;
				CLANG_CXX_LANGUAGE_STANDARD = "gnu++20";
				CLANG_ENABLE_MODULES = YES;
				CLANG_ENABLE_OBJC_ARC = YES;
				CLANG_ENABLE_OBJC_WEAK = YES;
				CLANG_WARN_BLOCK_CAPTURE_AUTORELEASING = YES;
				CLANG_WARN_BOOL_CONVERSION = YES;
				CLANG_WARN_COMMA = YES;
				CLANG_WARN_CONSTANT_CONVERSION = YES;
				CLANG_WARN_DEPRECATED_OBJC_IMPLEMENTATIONS = YES;
				CLANG_WARN_DIRECT_OBJC_ISA_USAGE = YES_ERROR;
				CLANG_WARN_DOCUMENTATION_COMMENTS = YES;
				CLANG_WARN_EMPTY_BODY = YES;
				CLANG_WARN_ENUM_CONVERSION = YES;
				CLANG_WARN_INFINITE_RECURSION = YES;
				CLANG_WARN_INT_CONVERSION = YES;
				CLANG_WARN_NON_LITERAL_NULL_CONVERSION = YES;
				CLANG_WARN_OBJC_IMPLICIT_RETAIN_SELF = YES;
				CLANG_WARN_OBJC_LITERAL_CONVERSION = YES;
				CLANG_WARN_OBJC_ROOT_CLASS = YES_ERROR;
				CLANG_WARN_QUOTED_INCLUDE_IN_FRAMEWORK_HEADER = YES;
				CLANG_WARN_RANGE_LOOP_ANALYSIS = YES;
				CLANG_WARN_STRICT_PROTOTYPES = YES;
				CLANG_WARN_SUSPICIOUS_MOVE = YES;
				CLANG_WARN_UNGUARDED_AVAILABILITY = YES_AGGRESSIVE;
				CLANG_WARN_UNREACHABLE_CODE = YES;
				CLANG_WARN__DUPLICATE_METHOD_MATCH = YES;
				COPY_PHASE_STRIP = NO;
				DEBUG_INFORMATION_FORMAT = "dwarf-with-dsym";
				ENABLE_NS_ASSERTIONS = NO;
				ENABLE_STRICT_OBJC_MSGSEND = YES;
				ENABLE_USER_SCRIPT_SANDBOXING = YES;
				GCC_C_LANGUAGE_STANDARD = gnu17;
				GCC_NO_COMMON_BLOCKS = YES;
				GCC_WARN_64_TO_32_BIT_CONVERSION = YES;
				GCC_WARN_ABOUT_RETURN_TYPE = YES_ERROR;
				GCC_WARN_UNDECLARED_SELECTOR = YES;
				GCC_WARN_UNINITIALIZED_AUTOS = YES_AGGRESSIVE;
				GCC_WARN_UNUSED_FUNCTION = YES;
				GCC_WARN_UNUSED_VARIABLE = YES;
				IPHONEOS_DEPLOYMENT_TARGET = 18.2;
				LOCALIZATION_PREFERS_STRING_CATALOGS = YES;
				MTL_ENABLE_DEBUG_INFO = NO;
				MTL_FAST_MATH = YES;
				SDKROOT = iphoneos;
				SWIFT_COMPILATION_MODE = wholemodule;
				VALIDATE_PRODUCT = YES;
			};
			name = Release;
		};
		A9255B372D5ABB71003C61ED /* Debug */ = {
			isa = XCBuildConfiguration;
			buildSettings = {
				ASSETCATALOG_COMPILER_APPICON_NAME = AppIcon;
				ASSETCATALOG_COMPILER_GLOBAL_ACCENT_COLOR_NAME = AccentColor;
				CODE_SIGN_STYLE = Automatic;
				CURRENT_PROJECT_VERSION = 1;
				DEVELOPMENT_ASSET_PATHS = "\"week 3 hw_bird face app/Preview Content\"";
				ENABLE_PREVIEWS = YES;
				GENERATE_INFOPLIST_FILE = YES;
				INFOPLIST_KEY_UIApplicationSceneManifest_Generation = YES;
				INFOPLIST_KEY_UIApplicationSupportsIndirectInputEvents = YES;
				INFOPLIST_KEY_UILaunchScreen_Generation = YES;
				INFOPLIST_KEY_UISupportedInterfaceOrientations_iPad = "UIInterfaceOrientationPortrait UIInterfaceOrientationPortraitUpsideDown UIInterfaceOrientationLandscapeLeft UIInterfaceOrientationLandscapeRight";
				INFOPLIST_KEY_UISupportedInterfaceOrientations_iPhone = "UIInterfaceOrientationPortrait UIInterfaceOrientationLandscapeLeft UIInterfaceOrientationLandscapeRight";
				LD_RUNPATH_SEARCH_PATHS = (
					"$(inherited)",
					"@executable_path/Frameworks",
				);
				MARKETING_VERSION = 1.0;
				PRODUCT_BUNDLE_IDENTIFIER = "com.ccyffan.week-3-hw-bird-face-app";
				PRODUCT_NAME = "$(TARGET_NAME)";
				SWIFT_EMIT_LOC_STRINGS = YES;
				SWIFT_VERSION = 5.0;
				TARGETED_DEVICE_FAMILY = "1,2";
			};
			name = Debug;
		};
		A9255B382D5ABB71003C61ED /* Release */ = {
			isa = XCBuildConfiguration;
			buildSettings = {
				ASSETCATALOG_COMPILER_APPICON_NAME = AppIcon;
				ASSETCATALOG_COMPILER_GLOBAL_ACCENT_COLOR_NAME = AccentColor;
				CODE_SIGN_STYLE = Automatic;
				CURRENT_PROJECT_VERSION = 1;
				DEVELOPMENT_ASSET_PATHS = "\"week 3 hw_bird face app/Preview Content\"";
				ENABLE_PREVIEWS = YES;
				GENERATE_INFOPLIST_FILE = YES;
				INFOPLIST_KEY_UIApplicationSceneManifest_Generation = YES;
				INFOPLIST_KEY_UIApplicationSupportsIndirectInputEvents = YES;
				INFOPLIST_KEY_UILaunchScreen_Generation = YES;
				INFOPLIST_KEY_UISupportedInterfaceOrientations_iPad = "UIInterfaceOrientationPortrait UIInterfaceOrientationPortraitUpsideDown UIInterfaceOrientationLandscapeLeft UIInterfaceOrientationLandscapeRight";
				INFOPLIST_KEY_UISupportedInterfaceOrientations_iPhone = "UIInterfaceOrientationPortrait UIInterfaceOrientationLandscapeLeft UIInterfaceOrientationLandscapeRight";
				LD_RUNPATH_SEARCH_PATHS = (
					"$(inherited)",
					"@executable_path/Frameworks",
				);
				MARKETING_VERSION = 1.0;
				PRODUCT_BUNDLE_IDENTIFIER = "com.ccyffan.week-3-hw-bird-face-app";
				PRODUCT_NAME = "$(TARGET_NAME)";
				SWIFT_EMIT_LOC_STRINGS = YES;
				SWIFT_VERSION = 5.0;
				TARGETED_DEVICE_FAMILY = "1,2";
			};
			name = Release;
		};
		A9255B3A2D5ABB71003C61ED /* Debug */ = {
			isa = XCBuildConfiguration;
			buildSettings = {
				BUNDLE_LOADER = "$(TEST_HOST)";
				CODE_SIGN_STYLE = Automatic;
				CURRENT_PROJECT_VERSION = 1;
				GENERATE_INFOPLIST_FILE = YES;
				IPHONEOS_DEPLOYMENT_TARGET = 18.2;
				MARKETING_VERSION = 1.0;
				PRODUCT_BUNDLE_IDENTIFIER = "com.ccyffan.week-3-hw-bird-face-appTests";
				PRODUCT_NAME = "$(TARGET_NAME)";
				SWIFT_EMIT_LOC_STRINGS = NO;
				SWIFT_VERSION = 5.0;
				TARGETED_DEVICE_FAMILY = "1,2";
				TEST_HOST = "$(BUILT_PRODUCTS_DIR)/week 3 hw_bird face app.app/$(BUNDLE_EXECUTABLE_FOLDER_PATH)/week 3 hw_bird face app";
			};
			name = Debug;
		};
		A9255B3B2D5ABB71003C61ED /* Release */ = {
			isa = XCBuildConfiguration;
			buildSettings = {
				BUNDLE_LOADER = "$(TEST_HOST)";
				CODE_SIGN_STYLE = Automatic;
				CURRENT_PROJECT_VERSION = 1;
				GENERATE_INFOPLIST_FILE = YES;
				IPHONEOS_DEPLOYMENT_TARGET = 18.2;
				MARKETING_VERSION = 1.0;
				PRODUCT_BUNDLE_IDENTIFIER = "com.ccyffan.week-3-hw-bird-face-appTests";
				PRODUCT_NAME = "$(TARGET_NAME)";
				SWIFT_EMIT_LOC_STRINGS = NO;
				SWIFT_VERSION = 5.0;
				TARGETED_DEVICE_FAMILY = "1,2";
				TEST_HOST = "$(BUILT_PRODUCTS_DIR)/week 3 hw_bird face app.app/$(BUNDLE_EXECUTABLE_FOLDER_PATH)/week 3 hw_bird face app";
			};
			name = Release;
		};
		A9255B3D2D5ABB71003C61ED /* Debug */ = {
			isa = XCBuildConfiguration;
			buildSettings = {
				CODE_SIGN_STYLE = Automatic;
				CURRENT_PROJECT_VERSION = 1;
				GENERATE_INFOPLIST_FILE = YES;
				MARKETING_VERSION = 1.0;
				PRODUCT_BUNDLE_IDENTIFIER = "com.ccyffan.week-3-hw-bird-face-appUITests";
				PRODUCT_NAME = "$(TARGET_NAME)";
				SWIFT_EMIT_LOC_STRINGS = NO;
				SWIFT_VERSION = 5.0;
				TARGETED_DEVICE_FAMILY = "1,2";
				TEST_TARGET_NAME = "week 3 hw_bird face app";
			};
			name = Debug;
		};
		A9255B3E2D5ABB71003C61ED /* Release */ = {
			isa = XCBuildConfiguration;
			buildSettings = {
				CODE_SIGN_STYLE = Automatic;
				CURRENT_PROJECT_VERSION = 1;
				GENERATE_INFOPLIST_FILE = YES;
				MARKETING_VERSION = 1.0;
				PRODUCT_BUNDLE_IDENTIFIER = "com.ccyffan.week-3-hw-bird-face-appUITests";
				PRODUCT_NAME = "$(TARGET_NAME)";
				SWIFT_EMIT_LOC_STRINGS = NO;
				SWIFT_VERSION = 5.0;
				TARGETED_DEVICE_FAMILY = "1,2";
				TEST_TARGET_NAME = "week 3 hw_bird face app";
			};
			name = Release;
		};
/* End XCBuildConfiguration section */

/* Begin XCConfigurationList section */
		A9255B0B2D5ABB70003C61ED /* Build configuration list for PBXProject "week 3 hw_bird face app" */ = {
			isa = XCConfigurationList;
			buildConfigurations = (
				A9255B342D5ABB71003C61ED /* Debug */,
				A9255B352D5ABB71003C61ED /* Release */,
			);
			defaultConfigurationIsVisible = 0;
			defaultConfigurationName = Release;
		};
		A9255B362D5ABB71003C61ED /* Build configuration list for PBXNativeTarget "week 3 hw_bird face app" */ = {
			isa = XCConfigurationList;
			buildConfigurations = (
				A9255B372D5ABB71003C61ED /* Debug */,
				A9255B382D5ABB71003C61ED /* Release */,
			);
			defaultConfigurationIsVisible = 0;
			defaultConfigurationName = Release;
		};
		A9255B392D5ABB71003C61ED /* Build configuration list for PBXNativeTarget "week 3 hw_bird face appTests" */ = {
			isa = XCConfigurationList;
			buildConfigurations = (
				A9255B3A2D5ABB71003C61ED /* Debug */,
				A9255B3B2D5ABB71003C61ED /* Release */,
			);
			defaultConfigurationIsVisible = 0;
			defaultConfigurationName = Release;
		};
		A9255B3C2D5ABB71003C61ED /* Build configuration list for PBXNativeTarget "week 3 hw_bird face appUITests" */ = {
			isa = XCConfigurationList;
			buildConfigurations = (
				A9255B3D2D5ABB71003C61ED /* Debug */,
				A9255B3E2D5ABB71003C61ED /* Release */,
			);
			defaultConfigurationIsVisible = 0;
			defaultConfigurationName = Release;
		};
/* End XCConfigurationList section */
	};
	rootObject = A9255B082D5ABB70003C61ED /* Project object */;
}
